
Microsoft Visual Studio Solution File, Format Version 12.00
# Visual Studio Version 17
VisualStudioVersion = 17.14.36414.22 d17.14
MinimumVisualStudioVersion = 10.0.40219.1
Project("{FAE04EC0-301F-11D3-BF4B-00C04F79EFBC}") = "LINQ", "LINQ.csproj", "{1F56D8EA-A08E-4A77-B573-9D5A72A1B991}"
EndProject
Global
	GlobalSection(SolutionConfigurationPlatforms) = preSolution
		Debug|Any CPU = Debug|Any CPU
		Release|Any CPU = Release|Any CPU
	EndGlobalSection
	GlobalSection(ProjectConfigurationPlatforms) = postSolution
		{1F56D8EA-A08E-4A77-B573-9D5A72A1B991}.Debug|Any CPU.ActiveCfg = Debug|Any CPU
		{1F56D8EA-A08E-4A77-B573-9D5A72A1B991}.Debug|Any CPU.Build.0 = Debug|Any CPU
		{1F56D8EA-A08E-4A77-B573-9D5A72A1B991}.Release|Any CPU.ActiveCfg = Release|Any CPU
		{1F56D8EA-A08E-4A77-B573-9D5A72A1B991}.Release|Any CPU.Build.0 = Release|Any CPU
	EndGlobalSection
	GlobalSection(SolutionProperties) = preSolution
		HideSolutionNode = FALSE
	EndGlobalSection
	GlobalSection(ExtensibilityGlobals) = postSolution
		SolutionGuid = {6FA634BB-1154-45E8-92FD-8F4EE552F56E}
	EndGlobalSection
EndGlobal
